schema: '2.0'
stages:
  prepare:
    cmd: python src/prepare.py
    deps:
    - path: data/raw
      md5: 392859941730af73895d057ac48ad939.dir
      size: 106557364
      nfiles: 13398
    - path: src/prepare.py
      md5: ef804f358e00edcfe52c865b471f8f55
      size: 1231
    outs:
    - path: data/prepared/test.csv
      md5: b00f17197b04066523876df4581f7c5c
      size: 85693
    - path: data/prepared/train.csv
      md5: 8441be7d504c42ca2f117c651b197411
      size: 212458
  train:
    cmd: python src/train.py
    deps:
    - path: data/prepared/train.csv
      md5: 8441be7d504c42ca2f117c651b197411
      size: 212458
    - path: src/train.py
      md5: 5ce4a4fa426e02c90a54dfd453c40aa9
      size: 1325
    outs:
    - path: model/model.joblib
      md5: 52cc556b281b20756524d6a72dfe76b4
      size: 195548
  evaluate:
    cmd: python src/evaluate.py
    deps:
    - path: model/model.joblib
      md5: 52cc556b281b20756524d6a72dfe76b4
      size: 195548
    - path: src/evaluate.py
      md5: b197277667d6269271fff4ae4af8a941
      size: 645
    outs:
    - path: metrics/accuracy.json
      md5: a6e726ece72a539479ea925e0446eaa3
      size: 32
